
Microsoft Visual Studio Solution File, Format Version 12.00
# Visual Studio Version 18
VisualStudioVersion = 18.4.11605.240 stable
MinimumVisualStudioVersion = 10.0.40219.1
Project("{FAE04EC0-301F-11D3-BF4B-00C04F79EFBC}") = "Jokempo.Console", "Jokempo\Jokempo.Console.csproj", "{F8A4F434-4031-4A3E-AF73-40A7422CB2D4}"
EndProject
Project("{FAE04EC0-301F-11D3-BF4B-00C04F79EFBC}") = "Jokempo.Core", "Jokempo.Core\Jokempo.Core.csproj", "{3DF4904A-EA00-4985-B0BD-FF344AE878BF}"
EndProject
Project("{FAE04EC0-301F-11D3-BF4B-00C04F79EFBC}") = "Jokempo.WinForms", "Jokempo.WinForms\Jokempo.WinForms.csproj", "{1BBDE3F0-52F1-4B4F-9CA7-03673F5A8C1F}"
EndProject
Global
	GlobalSection(SolutionConfigurationPlatforms) = preSolution
		Debug|Any CPU = Debug|Any CPU
		Release|Any CPU = Release|Any CPU
	EndGlobalSection
	GlobalSection(ProjectConfigurationPlatforms) = postSolution
		{F8A4F434-4031-4A3E-AF73-40A7422CB2D4}.Debug|Any CPU.ActiveCfg = Debug|Any CPU
		{F8A4F434-4031-4A3E-AF73-40A7422CB2D4}.Debug|Any CPU.Build.0 = Debug|Any CPU
		{F8A4F434-4031-4A3E-AF73-40A7422CB2D4}.Release|Any CPU.ActiveCfg = Release|Any CPU
		{F8A4F434-4031-4A3E-AF73-40A7422CB2D4}.Release|Any CPU.Build.0 = Release|Any CPU
		{3DF4904A-EA00-4985-B0BD-FF344AE878BF}.Debug|Any CPU.ActiveCfg = Debug|Any CPU
		{3DF4904A-EA00-4985-B0BD-FF344AE878BF}.Debug|Any CPU.Build.0 = Debug|Any CPU
		{3DF4904A-EA00-4985-B0BD-FF344AE878BF}.Release|Any CPU.ActiveCfg = Release|Any CPU
		{3DF4904A-EA00-4985-B0BD-FF344AE878BF}.Release|Any CPU.Build.0 = Release|Any CPU
		{1BBDE3F0-52F1-4B4F-9CA7-03673F5A8C1F}.Debug|Any CPU.ActiveCfg = Debug|Any CPU
		{1BBDE3F0-52F1-4B4F-9CA7-03673F5A8C1F}.Debug|Any CPU.Build.0 = Debug|Any CPU
		{1BBDE3F0-52F1-4B4F-9CA7-03673F5A8C1F}.Release|Any CPU.ActiveCfg = Release|Any CPU
		{1BBDE3F0-52F1-4B4F-9CA7-03673F5A8C1F}.Release|Any CPU.Build.0 = Release|Any CPU
	EndGlobalSection
	GlobalSection(SolutionProperties) = preSolution
		HideSolutionNode = FALSE
	EndGlobalSection
	GlobalSection(ExtensibilityGlobals) = postSolution
		SolutionGuid = {BC251ECB-21B1-4F5B-9622-F53C359BACBB}
	EndGlobalSection
EndGlobal
